
Microsoft Visual Studio Solution File, Format Version 12.00
# Visual Studio Version 17
VisualStudioVersion = 17.1.32407.343
MinimumVisualStudioVersion = 10.0.40219.1
Project("{FAE04EC0-301F-11D3-BF4B-00C04F79EFBC}") = "LibEntidades", "LibEntidades\LibEntidades.csproj", "{53D2F13E-D355-411A-95AE-86FBA5AF4795}"
EndProject
Project("{FAE04EC0-301F-11D3-BF4B-00C04F79EFBC}") = "WindowsAereo", "WindowsAereo\WindowsAereo.csproj", "{D9789490-841C-42ED-9F47-F57881C8BBE5}"
EndProject
Project("{FAE04EC0-301F-11D3-BF4B-00C04F79EFBC}") = "ConsoleAereo", "ConsoleAereo\ConsoleAereo.csproj", "{1507375F-9975-48D7-9B6F-EFEDE6283BB2}"
EndProject
Global
	GlobalSection(SolutionConfigurationPlatforms) = preSolution
		Debug|Any CPU = Debug|Any CPU
		Release|Any CPU = Release|Any CPU
	EndGlobalSection
	GlobalSection(ProjectConfigurationPlatforms) = postSolution
		{53D2F13E-D355-411A-95AE-86FBA5AF4795}.Debug|Any CPU.ActiveCfg = Debug|Any CPU
		{53D2F13E-D355-411A-95AE-86FBA5AF4795}.Debug|Any CPU.Build.0 = Debug|Any CPU
		{53D2F13E-D355-411A-95AE-86FBA5AF4795}.Release|Any CPU.ActiveCfg = Release|Any CPU
		{53D2F13E-D355-411A-95AE-86FBA5AF4795}.Release|Any CPU.Build.0 = Release|Any CPU
		{D9789490-841C-42ED-9F47-F57881C8BBE5}.Debug|Any CPU.ActiveCfg = Debug|Any CPU
		{D9789490-841C-42ED-9F47-F57881C8BBE5}.Debug|Any CPU.Build.0 = Debug|Any CPU
		{D9789490-841C-42ED-9F47-F57881C8BBE5}.Release|Any CPU.ActiveCfg = Release|Any CPU
		{D9789490-841C-42ED-9F47-F57881C8BBE5}.Release|Any CPU.Build.0 = Release|Any CPU
		{1507375F-9975-48D7-9B6F-EFEDE6283BB2}.Debug|Any CPU.ActiveCfg = Debug|Any CPU
		{1507375F-9975-48D7-9B6F-EFEDE6283BB2}.Debug|Any CPU.Build.0 = Debug|Any CPU
		{1507375F-9975-48D7-9B6F-EFEDE6283BB2}.Release|Any CPU.ActiveCfg = Release|Any CPU
		{1507375F-9975-48D7-9B6F-EFEDE6283BB2}.Release|Any CPU.Build.0 = Release|Any CPU
	EndGlobalSection
	GlobalSection(SolutionProperties) = preSolution
		HideSolutionNode = FALSE
	EndGlobalSection
	GlobalSection(ExtensibilityGlobals) = postSolution
		SolutionGuid = {39C2E513-2FB6-4537-BF2D-561B2C31CE3C}
	EndGlobalSection
EndGlobal
