
Microsoft Visual Studio Solution File, Format Version 12.00
# Visual Studio Version 17
VisualStudioVersion = 17.1.32407.343
MinimumVisualStudioVersion = 10.0.40219.1
Project("{FAE04EC0-301F-11D3-BF4B-00C04F79EFBC}") = "WebApiEscuela", "WebApiEscuela\WebApiEscuela.csproj", "{0EC0B42F-E3DC-4949-829F-089F6EBE0D43}"
EndProject
Global
	GlobalSection(SolutionConfigurationPlatforms) = preSolution
		Debug|Any CPU = Debug|Any CPU
		Release|Any CPU = Release|Any CPU
	EndGlobalSection
	GlobalSection(ProjectConfigurationPlatforms) = postSolution
		{0EC0B42F-E3DC-4949-829F-089F6EBE0D43}.Debug|Any CPU.ActiveCfg = Debug|Any CPU
		{0EC0B42F-E3DC-4949-829F-089F6EBE0D43}.Debug|Any CPU.Build.0 = Debug|Any CPU
		{0EC0B42F-E3DC-4949-829F-089F6EBE0D43}.Release|Any CPU.ActiveCfg = Release|Any CPU
		{0EC0B42F-E3DC-4949-829F-089F6EBE0D43}.Release|Any CPU.Build.0 = Release|Any CPU
	EndGlobalSection
	GlobalSection(SolutionProperties) = preSolution
		HideSolutionNode = FALSE
	EndGlobalSection
	GlobalSection(ExtensibilityGlobals) = postSolution
		SolutionGuid = {46605349-A62D-4A55-B628-720EAB0EB07C}
	EndGlobalSection
EndGlobal
